
Microsoft Visual Studio Solution File, Format Version 12.00
# Visual Studio 15
VisualStudioVersion = 15.0.28307.960
MinimumVisualStudioVersion = 10.0.40219.1
Project("{8BC9CEB8-8B4A-11D0-8D11-00A0C91BC942}") = "13.5", "13.5.vcxproj", "{BEA5D8F4-D75D-4D5E-8D89-56DDBA06B661}"
EndProject
Global
	GlobalSection(SolutionConfigurationPlatforms) = preSolution
		Debug|x64 = Debug|x64
		Debug|x86 = Debug|x86
		Release|x64 = Release|x64
		Release|x86 = Release|x86
	EndGlobalSection
	GlobalSection(ProjectConfigurationPlatforms) = postSolution
		{BEA5D8F4-D75D-4D5E-8D89-56DDBA06B661}.Debug|x64.ActiveCfg = Debug|x64
		{BEA5D8F4-D75D-4D5E-8D89-56DDBA06B661}.Debug|x64.Build.0 = Debug|x64
		{BEA5D8F4-D75D-4D5E-8D89-56DDBA06B661}.Debug|x86.ActiveCfg = Debug|Win32
		{BEA5D8F4-D75D-4D5E-8D89-56DDBA06B661}.Debug|x86.Build.0 = Debug|Win32
		{BEA5D8F4-D75D-4D5E-8D89-56DDBA06B661}.Release|x64.ActiveCfg = Release|x64
		{BEA5D8F4-D75D-4D5E-8D89-56DDBA06B661}.Release|x64.Build.0 = Release|x64
		{BEA5D8F4-D75D-4D5E-8D89-56DDBA06B661}.Release|x86.ActiveCfg = Release|Win32
		{BEA5D8F4-D75D-4D5E-8D89-56DDBA06B661}.Release|x86.Build.0 = Release|Win32
	EndGlobalSection
	GlobalSection(SolutionProperties) = preSolution
		HideSolutionNode = FALSE
	EndGlobalSection
	GlobalSection(ExtensibilityGlobals) = postSolution
		SolutionGuid = {3B846AAF-DAED-4EA8-B380-B21DC96E6AD3}
	EndGlobalSection
EndGlobal
