
Microsoft Visual Studio Solution File, Format Version 12.00
# Visual Studio 15
VisualStudioVersion = 15.0.28307.960
MinimumVisualStudioVersion = 10.0.40219.1
Project("{8BC9CEB8-8B4A-11D0-8D11-00A0C91BC942}") = "33.5", "33.5.vcxproj", "{23CAE71A-369A-4BBF-AD49-80F697E66B7B}"
EndProject
Global
	GlobalSection(SolutionConfigurationPlatforms) = preSolution
		Debug|x64 = Debug|x64
		Debug|x86 = Debug|x86
		Release|x64 = Release|x64
		Release|x86 = Release|x86
	EndGlobalSection
	GlobalSection(ProjectConfigurationPlatforms) = postSolution
		{23CAE71A-369A-4BBF-AD49-80F697E66B7B}.Debug|x64.ActiveCfg = Debug|x64
		{23CAE71A-369A-4BBF-AD49-80F697E66B7B}.Debug|x64.Build.0 = Debug|x64
		{23CAE71A-369A-4BBF-AD49-80F697E66B7B}.Debug|x86.ActiveCfg = Debug|Win32
		{23CAE71A-369A-4BBF-AD49-80F697E66B7B}.Debug|x86.Build.0 = Debug|Win32
		{23CAE71A-369A-4BBF-AD49-80F697E66B7B}.Release|x64.ActiveCfg = Release|x64
		{23CAE71A-369A-4BBF-AD49-80F697E66B7B}.Release|x64.Build.0 = Release|x64
		{23CAE71A-369A-4BBF-AD49-80F697E66B7B}.Release|x86.ActiveCfg = Release|Win32
		{23CAE71A-369A-4BBF-AD49-80F697E66B7B}.Release|x86.Build.0 = Release|Win32
	EndGlobalSection
	GlobalSection(SolutionProperties) = preSolution
		HideSolutionNode = FALSE
	EndGlobalSection
	GlobalSection(ExtensibilityGlobals) = postSolution
		SolutionGuid = {F461DF1A-7B49-45B0-866C-D97DD8D353EC}
	EndGlobalSection
EndGlobal
